# This file is automatically @generated by Cargo.
# It is not intended for manual editing.
version = 3

[[package]]
name = "apple-cf"
version = "0.7.1"
source = "registry+https://github.com/rust-lang/crates.io-index"
checksum = "67ba5e8f49a0239ddb14da08ad41bb28b46880252bf4831380de20709c996574"
dependencies = [
 "doom-fish-utils",
]

[[package]]
name = "apple-cf"
version = "0.8.0"
source = "registry+https://github.com/rust-lang/crates.io-index"
checksum = "d110ec64ba49edcbc97fb77907ae336be72f6a89e0e1ca6be155f6e9b146e204"
dependencies = [
 "doom-fish-utils",
]

[[package]]
name = "apple-metal"
version = "0.8.1"
source = "registry+https://github.com/rust-lang/crates.io-index"
checksum = "0c72da91f3ffaacd8375f80bf6c9ca40c44150e979e6e50b084fbb596cc0ccc4"
dependencies = [
 "apple-cf 0.7.1",
 "libc",
]

[[package]]
name = "doom-fish-utils"
version = "0.1.1"
source = "registry+https://github.com/rust-lang/crates.io-index"
checksum = "c64a66e1fdd09573daeb89569701e8c3eab595cf3e2be0752ec6303e36689242"

[[package]]
name = "libc"
version = "0.2.186"
source = "registry+https://github.com/rust-lang/crates.io-index"
checksum = "68ab91017fe16c622486840e4c83c9a37afeff978bd239b5293d61ece587de66"

[[package]]
name = "spritekit-rs"
version = "0.3.0"
dependencies = [
 "apple-cf 0.8.0",
 "apple-metal",
 "libc",
]
